
Microsoft Visual Studio Solution File, Format Version 12.00
# Visual Studio Version 16
VisualStudioVersion = 16.0.31129.286
MinimumVisualStudioVersion = 10.0.40219.1
Project("{FAE04EC0-301F-11D3-BF4B-00C04F79EFBC}") = "instagram_Bot", "instagram_Bot\instagram_Bot.csproj", "{E214C39F-3BF3-4254-AB5E-EAD8EB7A59C0}"
EndProject
Global
	GlobalSection(SolutionConfigurationPlatforms) = preSolution
		Debug|Any CPU = Debug|Any CPU
		Release|Any CPU = Release|Any CPU
	EndGlobalSection
	GlobalSection(ProjectConfigurationPlatforms) = postSolution
		{E214C39F-3BF3-4254-AB5E-EAD8EB7A59C0}.Debug|Any CPU.ActiveCfg = Debug|Any CPU
		{E214C39F-3BF3-4254-AB5E-EAD8EB7A59C0}.Debug|Any CPU.Build.0 = Debug|Any CPU
		{E214C39F-3BF3-4254-AB5E-EAD8EB7A59C0}.Release|Any CPU.ActiveCfg = Release|Any CPU
		{E214C39F-3BF3-4254-AB5E-EAD8EB7A59C0}.Release|Any CPU.Build.0 = Release|Any CPU
	EndGlobalSection
	GlobalSection(SolutionProperties) = preSolution
		HideSolutionNode = FALSE
	EndGlobalSection
	GlobalSection(ExtensibilityGlobals) = postSolution
		SolutionGuid = {6222FCF5-CB5C-491C-A03A-391EE43B0035}
	EndGlobalSection
EndGlobal
